
Microsoft Visual Studio Solution File, Format Version 12.00
# Visual Studio Version 17
VisualStudioVersion = 17.7.34031.279
MinimumVisualStudioVersion = 10.0.40219.1
Project("{FAE04EC0-301F-11D3-BF4B-00C04F79EFBC}") = "AdaptersDIO", "TestesDeAdaptersDIO\AdaptersDIO.csproj", "{1C422691-C4B4-47E3-BAA3-32FD045CCD32}"
EndProject
Project("{FAE04EC0-301F-11D3-BF4B-00C04F79EFBC}") = "TestesDosAdapters", "TestesDosAdapters\TestesDosAdapters.csproj", "{05E68C9B-0C36-486A-A5CA-6FBA378DC9BD}"
EndProject
Global
	GlobalSection(SolutionConfigurationPlatforms) = preSolution
		Debug|Any CPU = Debug|Any CPU
		Release|Any CPU = Release|Any CPU
	EndGlobalSection
	GlobalSection(ProjectConfigurationPlatforms) = postSolution
		{1C422691-C4B4-47E3-BAA3-32FD045CCD32}.Debug|Any CPU.ActiveCfg = Debug|Any CPU
		{1C422691-C4B4-47E3-BAA3-32FD045CCD32}.Debug|Any CPU.Build.0 = Debug|Any CPU
		{1C422691-C4B4-47E3-BAA3-32FD045CCD32}.Release|Any CPU.ActiveCfg = Release|Any CPU
		{1C422691-C4B4-47E3-BAA3-32FD045CCD32}.Release|Any CPU.Build.0 = Release|Any CPU
		{05E68C9B-0C36-486A-A5CA-6FBA378DC9BD}.Debug|Any CPU.ActiveCfg = Debug|Any CPU
		{05E68C9B-0C36-486A-A5CA-6FBA378DC9BD}.Debug|Any CPU.Build.0 = Debug|Any CPU
		{05E68C9B-0C36-486A-A5CA-6FBA378DC9BD}.Release|Any CPU.ActiveCfg = Release|Any CPU
		{05E68C9B-0C36-486A-A5CA-6FBA378DC9BD}.Release|Any CPU.Build.0 = Release|Any CPU
	EndGlobalSection
	GlobalSection(SolutionProperties) = preSolution
		HideSolutionNode = FALSE
	EndGlobalSection
	GlobalSection(ExtensibilityGlobals) = postSolution
		SolutionGuid = {36CC9314-8F0E-4151-AD08-726F5A01D616}
	EndGlobalSection
EndGlobal
